
Microsoft Visual Studio Solution File, Format Version 12.00
# Visual Studio Version 16
VisualStudioVersion = 16.0.29318.209
MinimumVisualStudioVersion = 10.0.40219.1
Project("{9A19103F-16F7-4668-BE54-9A1E7A4F7556}") = "Nemesis.Wpf", "Nemesis.Wpf\Nemesis.Wpf.csproj", "{B730A54E-E8AE-47A7-84CB-8694A43BC9DB}"
EndProject
Project("{FAE04EC0-301F-11D3-BF4B-00C04F79EFBC}") = "Nemesis.Wpf.Tests", "Nemesis.Wpf.Tests\Nemesis.Wpf.Tests.csproj", "{771D81DA-2ED6-478B-9D53-EF110CD91157}"
EndProject
Project("{2150E333-8FDC-42A3-9474-1A3956D46DE8}") = "SolutionItems", "SolutionItems", "{C6F4C549-DB35-4A7C-9DE6-CC370A65AA52}"
	ProjectSection(SolutionItems) = preProject
		alien-2.png = alien-2.png
		README.md = README.md
	EndProjectSection
EndProject
Project("{FAE04EC0-301F-11D3-BF4B-00C04F79EFBC}") = "WpfPlayground", "WpfPlayground\WpfPlayground.csproj", "{4619CA97-D3B2-4A3B-9730-A2E40F888C39}"
EndProject
Global
	GlobalSection(SolutionConfigurationPlatforms) = preSolution
		Debug|Any CPU = Debug|Any CPU
		Release|Any CPU = Release|Any CPU
	EndGlobalSection
	GlobalSection(ProjectConfigurationPlatforms) = postSolution
		{B730A54E-E8AE-47A7-84CB-8694A43BC9DB}.Debug|Any CPU.ActiveCfg = Debug|Any CPU
		{B730A54E-E8AE-47A7-84CB-8694A43BC9DB}.Debug|Any CPU.Build.0 = Debug|Any CPU
		{B730A54E-E8AE-47A7-84CB-8694A43BC9DB}.Release|Any CPU.ActiveCfg = Release|Any CPU
		{B730A54E-E8AE-47A7-84CB-8694A43BC9DB}.Release|Any CPU.Build.0 = Release|Any CPU
		{771D81DA-2ED6-478B-9D53-EF110CD91157}.Debug|Any CPU.ActiveCfg = Debug|Any CPU
		{771D81DA-2ED6-478B-9D53-EF110CD91157}.Debug|Any CPU.Build.0 = Debug|Any CPU
		{771D81DA-2ED6-478B-9D53-EF110CD91157}.Release|Any CPU.ActiveCfg = Release|Any CPU
		{771D81DA-2ED6-478B-9D53-EF110CD91157}.Release|Any CPU.Build.0 = Release|Any CPU
		{4619CA97-D3B2-4A3B-9730-A2E40F888C39}.Debug|Any CPU.ActiveCfg = Debug|Any CPU
		{4619CA97-D3B2-4A3B-9730-A2E40F888C39}.Debug|Any CPU.Build.0 = Debug|Any CPU
		{4619CA97-D3B2-4A3B-9730-A2E40F888C39}.Release|Any CPU.ActiveCfg = Release|Any CPU
		{4619CA97-D3B2-4A3B-9730-A2E40F888C39}.Release|Any CPU.Build.0 = Release|Any CPU
	EndGlobalSection
	GlobalSection(SolutionProperties) = preSolution
		HideSolutionNode = FALSE
	EndGlobalSection
	GlobalSection(ExtensibilityGlobals) = postSolution
		SolutionGuid = {18A14C5D-19F6-4744-B09E-744C7B0710A4}
	EndGlobalSection
EndGlobal
